<?xml version="1.0" encoding="utf-8"?>
<Project ToolsVersion="4.0" xmlns="http://schemas.microsoft.com/developer/msbuild/2003">
  <ItemGroup>
    <Filter Include="リソース ファイル">
      <UniqueIdentifier>{67DA6AB6-F800-4c08-8B7A-83BB121AAD01}</UniqueIdentifier>
      <Extensions>rc;ico;cur;bmp;dlg;rc2;rct;bin;rgs;gif;jpg;jpeg;jpe;resx;tiff;tif;png;wav;mfcribbon-ms</Extensions>
    </Filter>
    <Filter Include="01Engine">
      <UniqueIdentifier>{0e75b4ea-32fb-4bd2-962a-6972117e5a9a}</UniqueIdentifier>
    </Filter>
    <Filter Include="01Engine\Core">
      <UniqueIdentifier>{9701b26c-df8e-4c1f-8931-e5a2c42a9042}</UniqueIdentifier>
    </Filter>
    <Filter Include="01Engine\Shader">
      <UniqueIdentifier>{eafb1ebe-6a82-48b7-988a-b851ced2e3f5}</UniqueIdentifier>
    </Filter>
    <Filter Include="01Engine\Inheritances">
      <UniqueIdentifier>{81d21e1b-6e1e-44af-a1d0-72747f8a3012}</UniqueIdentifier>
    </Filter>
  </ItemGroup>
  <ItemGroup>
    <ClCompile Include="Main.cpp" />
    <ClCompile Include="TestScene.cpp" />
    <ClCompile Include="Stage.cpp" />
    <ClCompile Include="Controller.cpp" />
    <ClCompile Include="Engine\Direct3D.cpp">
      <Filter>01Engine\Core</Filter>
    </ClCompile>
    <ClCompile Include="Engine\GameObject.cpp">
      <Filter>01Engine\Inheritances</Filter>
    </ClCompile>
    <ClCompile Include="Engine\Model.cpp">
      <Filter>01Engine\Inheritances</Filter>
    </ClCompile>
    <ClCompile Include="Engine\Quad.cpp">
      <Filter>01Engine\Inheritances</Filter>
    </ClCompile>
    <ClCompile Include="Engine\Sprite.cpp">
      <Filter>01Engine\Inheritances</Filter>
    </ClCompile>
    <ClCompile Include="Engine\Texture.cpp">
      <Filter>01Engine\Inheritances</Filter>
    </ClCompile>
    <ClCompile Include="Engine\Transform.cpp">
      <Filter>01Engine\Core</Filter>
    </ClCompile>
    <ClCompile Include="Engine\RootJob.cpp">
      <Filter>01Engine\Core</Filter>
    </ClCompile>
    <ClCompile Include="Engine\Fbx.cpp">
      <Filter>01Engine\Inheritances</Filter>
    </ClCompile>
    <ClCompile Include="Engine\SphereCollider.cpp">
      <Filter>01Engine\Inheritances</Filter>
    </ClCompile>
    <ClCompile Include="Engine\SceneManager.cpp">
      <Filter>01Engine\Core</Filter>
    </ClCompile>
    <ClCompile Include="Engine\Camera.cpp">
      <Filter>01Engine\Core</Filter>
    </ClCompile>
    <ClCompile Include="Engine\Input.cpp">
      <Filter>01Engine\Core</Filter>
    </ClCompile>
  </ItemGroup>
  <ItemGroup>
    <FxCompile Include="Simple2D.hlsl">
      <Filter>01Engine\Shader</Filter>
    </FxCompile>
    <FxCompile Include="Simple3D.hlsl">
      <Filter>01Engine\Shader</Filter>
    </FxCompile>
  </ItemGroup>
  <ItemGroup>
    <None Include="packages.config" />
  </ItemGroup>
  <ItemGroup>
    <ClInclude Include="Engine\SafetyMacro.h">
      <Filter>01Engine</Filter>
    </ClInclude>
    <ClInclude Include="TestScene.h" />
    <ClInclude Include="Stage.h" />
    <ClInclude Include="Controller.h" />
    <ClInclude Include="resource.h" />
    <ClInclude Include="Engine\Direct3D.h">
      <Filter>01Engine\Core</Filter>
    </ClInclude>
    <ClInclude Include="Engine\GameObject.h">
      <Filter>01Engine\Inheritances</Filter>
    </ClInclude>
    <ClInclude Include="Engine\Model.h">
      <Filter>01Engine\Inheritances</Filter>
    </ClInclude>
    <ClInclude Include="Engine\Quad.h">
      <Filter>01Engine\Inheritances</Filter>
    </ClInclude>
    <ClInclude Include="Engine\Sprite.h">
      <Filter>01Engine\Inheritances</Filter>
    </ClInclude>
    <ClInclude Include="Engine\Texture.h">
      <Filter>01Engine\Inheritances</Filter>
    </ClInclude>
    <ClInclude Include="Engine\Transform.h">
      <Filter>01Engine\Core</Filter>
    </ClInclude>
    <ClInclude Include="Engine\RootJob.h">
      <Filter>01Engine\Core</Filter>
    </ClInclude>
    <ClInclude Include="Engine\Fbx.h">
      <Filter>01Engine\Inheritances</Filter>
    </ClInclude>
    <ClInclude Include="Engine\SphereCollider.h">
      <Filter>01Engine\Inheritances</Filter>
    </ClInclude>
    <ClInclude Include="Engine\SceneManager.h">
      <Filter>01Engine\Core</Filter>
    </ClInclude>
    <ClInclude Include="Engine\Camera.h">
      <Filter>01Engine\Core</Filter>
    </ClInclude>
    <ClInclude Include="Engine\Input.h">
      <Filter>01Engine\Core</Filter>
    </ClInclude>
  </ItemGroup>
  <ItemGroup>
    <ResourceCompile Include="MapEditor.rc">
      <Filter>リソース ファイル</Filter>
    </ResourceCompile>
  </ItemGroup>
  <ItemGroup>
    <Text Include="ReadMe.txt" />
  </ItemGroup>
</Project>